// !$*UTF8*$!
{
	archiveVersion = 1;
	classes = {
	};
	objectVersion = 50;
	objects = {

/* Begin PBXBuildFile section */
		990FB37C259043D10039BFAB /* SettingsViewController.swift in Sources */ = {isa = PBXBuildFile; fileRef = 990FB37B259043D10039BFAB /* SettingsViewController.swift */; };
		999F560925A177F400F5A456 /* RobotoCondensed-Light.ttf in Resources */ = {isa = PBXBuildFile; fileRef = 999F560825A177F400F5A456 /* RobotoCondensed-Light.ttf */; };
		999F563D25A2B54400F5A456 /* gracious-appicon-original.png in Resources */ = {isa = PBXBuildFile; fileRef = 999F563C25A2B54400F5A456 /* gracious-appicon-original.png */; };
		99DC5605256E64A2004B9FCA /* AppDelegate.swift in Sources */ = {isa = PBXBuildFile; fileRef = 99DC5604256E64A2004B9FCA /* AppDelegate.swift */; };
		99DC5607256E64A2004B9FCA /* SceneDelegate.swift in Sources */ = {isa = PBXBuildFile; fileRef = 99DC5606256E64A2004B9FCA /* SceneDelegate.swift */; };
		99DC5609256E64A2004B9FCA /* ViewController.swift in Sources */ = {isa = PBXBuildFile; fileRef = 99DC5608256E64A2004B9FCA /* ViewController.swift */; };
		99DC560C256E64A2004B9FCA /* Main.storyboard in Resources */ = {isa = PBXBuildFile; fileRef = 99DC560A256E64A2004B9FCA /* Main.storyboard */; };
		99DC560E256E64A5004B9FCA /* Assets.xcassets in Resources */ = {isa = PBXBuildFile; fileRef = 99DC560D256E64A5004B9FCA /* Assets.xcassets */; };
		99DC5611256E64A5004B9FCA /* LaunchScreen.storyboard in Resources */ = {isa = PBXBuildFile; fileRef = 99DC560F256E64A5004B9FCA /* LaunchScreen.storyboard */; };
		99DC561C256E64A6004B9FCA /* TipCalculatorTests.swift in Sources */ = {isa = PBXBuildFile; fileRef = 99DC561B256E64A6004B9FCA /* TipCalculatorTests.swift */; };
		99DC5627256E64A6004B9FCA /* TipCalculatorUITests.swift in Sources */ = {isa = PBXBuildFile; fileRef = 99DC5626256E64A6004B9FCA /* TipCalculatorUITests.swift */; };
/* End PBXBuildFile section */

/* Begin PBXContainerItemProxy section */
		99DC5618256E64A5004B9FCA /* PBXContainerItemProxy */ = {
			isa = PBXContainerItemProxy;
			containerPortal = 99DC55F9256E64A2004B9FCA /* Project object */;
			proxyType = 1;
			remoteGlobalIDString = 99DC5600256E64A2004B9FCA;
			remoteInfo = TipCalculator;
		};
		99DC5623256E64A6004B9FCA /* PBXContainerItemProxy */ = {
			isa = PBXContainerItemProxy;
			containerPortal = 99DC55F9256E64A2004B9FCA /* Project object */;
			proxyType = 1;
			remoteGlobalIDString = 99DC5600256E64A2004B9FCA;
			remoteInfo = TipCalculator;
		};
/* End PBXContainerItemProxy section */

/* Begin PBXFileReference section */
		990FB37B259043D10039BFAB /* SettingsViewController.swift */ = {isa = PBXFileReference; lastKnownFileType = sourcecode.swift; path = SettingsViewController.swift; sourceTree = "<group>"; };
		999F560825A177F400F5A456 /* RobotoCondensed-Light.ttf */ = {isa = PBXFileReference; lastKnownFileType = file; name = "RobotoCondensed-Light.ttf"; path = "../../../../../Desktop/Resources/RobotoCondensed-Light.ttf"; sourceTree = "<group>"; };
		999F563C25A2B54400F5A456 /* gracious-appicon-original.png */ = {isa = PBXFileReference; lastKnownFileType = image.png; path = "gracious-appicon-original.png"; sourceTree = "<group>"; };
		99DC5601256E64A2004B9FCA /* TipCalculator.app */ = {isa = PBXFileReference; explicitFileType = wrapper.application; includeInIndex = 0; path = TipCalculator.app; sourceTree = BUILT_PRODUCTS_DIR; };
		99DC5604256E64A2004B9FCA /* AppDelegate.swift */ = {isa = PBXFileReference; lastKnownFileType = sourcecode.swift; path = AppDelegate.swift; sourceTree = "<group>"; };
		99DC5606256E64A2004B9FCA /* SceneDelegate.swift */ = {isa = PBXFileReference; lastKnownFileType = sourcecode.swift; path = SceneDelegate.swift; sourceTree = "<group>"; };
		99DC5608256E64A2004B9FCA /* ViewController.swift */ = {isa = PBXFileReference; lastKnownFileType = sourcecode.swift; path = ViewController.swift; sourceTree = "<group>"; };
		99DC560B256E64A2004B9FCA /* Base */ = {isa = PBXFileReference; lastKnownFileType = file.storyboard; name = Base; path = Base.lproj/Main.storyboard; sourceTree = "<group>"; };
		99DC560D256E64A5004B9FCA /* Assets.xcassets */ = {isa = PBXFileReference; lastKnownFileType = folder.assetcatalog; path = Assets.xcassets; sourceTree = "<group>"; };
		99DC5610256E64A5004B9FCA /* Base */ = {isa = PBXFileReference; lastKnownFileType = file.storyboard; name = Base; path = Base.lproj/LaunchScreen.storyboard; sourceTree = "<group>"; };
		99DC5612256E64A5004B9FCA /* Info.plist */ = {isa = PBXFileReference; lastKnownFileType = text.plist.xml; path = Info.plist; sourceTree = "<group>"; };
		99DC5617256E64A5004B9FCA /* TipCalculatorTests.xctest */ = {isa = PBXFileReference; explicitFileType = wrapper.cfbundle; includeInIndex = 0; path = TipCalculatorTests.xctest; sourceTree = BUILT_PRODUCTS_DIR; };
		99DC561B256E64A6004B9FCA /* TipCalculatorTests.swift */ = {isa = PBXFileReference; lastKnownFileType = sourcecode.swift; path = TipCalculatorTests.swift; sourceTree = "<group>"; };
		99DC561D256E64A6004B9FCA /* Info.plist */ = {isa = PBXFileReference; lastKnownFileType = text.plist.xml; path = Info.plist; sourceTree = "<group>"; };
		99DC5622256E64A6004B9FCA /* TipCalculatorUITests.xctest */ = {isa = PBXFileReference; explicitFileType = wrapper.cfbundle; includeInIndex = 0; path = TipCalculatorUITests.xctest; sourceTree = BUILT_PRODUCTS_DIR; };
		99DC5626256E64A6004B9FCA /* TipCalculatorUITests.swift */ = {isa = PBXFileReference; lastKnownFileType = sourcecode.swift; path = TipCalculatorUITests.swift; sourceTree = "<group>"; };
		99DC5628256E64A6004B9FCA /* Info.plist */ = {isa = PBXFileReference; lastKnownFileType = text.plist.xml; path = Info.plist; sourceTree = "<group>"; };
/* End PBXFileReference section */

/* Begin PBXFrameworksBuildPhase section */
		99DC55FE256E64A2004B9FCA /* Frameworks */ = {
			isa = PBXFrameworksBuildPhase;
			buildActionMask = 2147483647;
			files = (
			);
			runOnlyForDeploymentPostprocessing = 0;
		};
		99DC5614256E64A5004B9FCA /* Frameworks */ = {
			isa = PBXFrameworksBuildPhase;
			buildActionMask = 2147483647;
			files = (
			);
			runOnlyForDeploymentPostprocessing = 0;
		};
		99DC561F256E64A6004B9FCA /* Frameworks */ = {
			isa = PBXFrameworksBuildPhase;
			buildActionMask = 2147483647;
			files = (
			);
			runOnlyForDeploymentPostprocessing = 0;
		};
/* End PBXFrameworksBuildPhase section */

/* Begin PBXGroup section */
		999F560725A177B500F5A456 /* Resources */ = {
			isa = PBXGroup;
			children = (
				999F563C25A2B54400F5A456 /* gracious-appicon-original.png */,
				999F560825A177F400F5A456 /* RobotoCondensed-Light.ttf */,
			);
			path = Resources;
			sourceTree = "<group>";
		};
		99DC55F8256E64A2004B9FCA = {
			isa = PBXGroup;
			children = (
				99DC5603256E64A2004B9FCA /* TipCalculator */,
				99DC561A256E64A5004B9FCA /* TipCalculatorTests */,
				99DC5625256E64A6004B9FCA /* TipCalculatorUITests */,
				99DC5602256E64A2004B9FCA /* Products */,
			);
			sourceTree = "<group>";
		};
		99DC5602256E64A2004B9FCA /* Products */ = {
			isa = PBXGroup;
			children = (
				99DC5601256E64A2004B9FCA /* TipCalculator.app */,
				99DC5617256E64A5004B9FCA /* TipCalculatorTests.xctest */,
				99DC5622256E64A6004B9FCA /* TipCalculatorUITests.xctest */,
			);
			name = Products;
			sourceTree = "<group>";
		};
		99DC5603256E64A2004B9FCA /* TipCalculator */ = {
			isa = PBXGroup;
			children = (
				99DC5604256E64A2004B9FCA /* AppDelegate.swift */,
				99DC5606256E64A2004B9FCA /* SceneDelegate.swift */,
				99DC5608256E64A2004B9FCA /* ViewController.swift */,
				99DC560A256E64A2004B9FCA /* Main.storyboard */,
				990FB37B259043D10039BFAB /* SettingsViewController.swift */,
				99DC560D256E64A5004B9FCA /* Assets.xcassets */,
				99DC560F256E64A5004B9FCA /* LaunchScreen.storyboard */,
				99DC5612256E64A5004B9FCA /* Info.plist */,
				999F560725A177B500F5A456 /* Resources */,
			);
			path = TipCalculator;
			sourceTree = "<group>";
		};
		99DC561A256E64A5004B9FCA /* TipCalculatorTests */ = {
			isa = PBXGroup;
			children = (
				99DC561B256E64A6004B9FCA /* TipCalculatorTests.swift */,
				99DC561D256E64A6004B9FCA /* Info.plist */,
			);
			path = TipCalculatorTests;
			sourceTree = "<group>";
		};
		99DC5625256E64A6004B9FCA /* TipCalculatorUITests */ = {
			isa = PBXGroup;
			children = (
				99DC5626256E64A6004B9FCA /* TipCalculatorUITests.swift */,
				99DC5628256E64A6004B9FCA /* Info.plist */,
			);
			path = TipCalculatorUITests;
			sourceTree = "<group>";
		};
/* End PBXGroup section */

/* Begin PBXNativeTarget section */
		99DC5600256E64A2004B9FCA /* TipCalculator */ = {
			isa = PBXNativeTarget;
			buildConfigurationList = 99DC562B256E64A6004B9FCA /* Build configuration list for PBXNativeTarget "TipCalculator" */;
			buildPhases = (
				99DC55FD256E64A2004B9FCA /* Sources */,
				99DC55FE256E64A2004B9FCA /* Frameworks */,
				99DC55FF256E64A2004B9FCA /* Resources */,
			);
			buildRules = (
			);
			dependencies = (
			);
			name = TipCalculator;
			productName = TipCalculator;
			productReference = 99DC5601256E64A2004B9FCA /* TipCalculator.app */;
			productType = "com.apple.product-type.application";
		};
		99DC5616256E64A5004B9FCA /* TipCalculatorTests */ = {
			isa = PBXNativeTarget;
			buildConfigurationList = 99DC562E256E64A6004B9FCA /* Build configuration list for PBXNativeTarget "TipCalculatorTests" */;
			buildPhases = (
				99DC5613256E64A5004B9FCA /* Sources */,
				99DC5614256E64A5004B9FCA /* Frameworks */,
				99DC5615256E64A5004B9FCA /* Resources */,
			);
			buildRules = (
			);
			dependencies = (
				99DC5619256E64A5004B9FCA /* PBXTargetDependency */,
			);
			name = TipCalculatorTests;
			productName = TipCalculatorTests;
			productReference = 99DC5617256E64A5004B9FCA /* TipCalculatorTests.xctest */;
			productType = "com.apple.product-type.bundle.unit-test";
		};
		99DC5621256E64A6004B9FCA /* TipCalculatorUITests */ = {
			isa = PBXNativeTarget;
			buildConfigurationList = 99DC5631256E64A6004B9FCA /* Build configuration list for PBXNativeTarget "TipCalculatorUITests" */;
			buildPhases = (
				99DC561E256E64A6004B9FCA /* Sources */,
				99DC561F256E64A6004B9FCA /* Frameworks */,
				99DC5620256E64A6004B9FCA /* Resources */,
			);
			buildRules = (
			);
			dependencies = (
				99DC5624256E64A6004B9FCA /* PBXTargetDependency */,
			);
			name = TipCalculatorUITests;
			productName = TipCalculatorUITests;
			productReference = 99DC5622256E64A6004B9FCA /* TipCalculatorUITests.xctest */;
			productType = "com.apple.product-type.bundle.ui-testing";
		};
/* End PBXNativeTarget section */

/* Begin PBXProject section */
		99DC55F9256E64A2004B9FCA /* Project object */ = {
			isa = PBXProject;
			attributes = {
				LastSwiftUpdateCheck = 1220;
				LastUpgradeCheck = 1220;
				TargetAttributes = {
					99DC5600256E64A2004B9FCA = {
						CreatedOnToolsVersion = 12.2;
					};
					99DC5616256E64A5004B9FCA = {
						CreatedOnToolsVersion = 12.2;
						TestTargetID = 99DC5600256E64A2004B9FCA;
					};
					99DC5621256E64A6004B9FCA = {
						CreatedOnToolsVersion = 12.2;
						TestTargetID = 99DC5600256E64A2004B9FCA;
					};
				};
			};
			buildConfigurationList = 99DC55FC256E64A2004B9FCA /* Build configuration list for PBXProject "TipCalculator" */;
			compatibilityVersion = "Xcode 9.3";
			developmentRegion = en;
			hasScannedForEncodings = 0;
			knownRegions = (
				en,
				Base,
			);
			mainGroup = 99DC55F8256E64A2004B9FCA;
			productRefGroup = 99DC5602256E64A2004B9FCA /* Products */;
			projectDirPath = "";
			projectRoot = "";
			targets = (
				99DC5600256E64A2004B9FCA /* TipCalculator */,
				99DC5616256E64A5004B9FCA /* TipCalculatorTests */,
				99DC5621256E64A6004B9FCA /* TipCalculatorUITests */,
			);
		};
/* End PBXProject section */

/* Begin PBXResourcesBuildPhase section */
		99DC55FF256E64A2004B9FCA /* Resources */ = {
			isa = PBXResourcesBuildPhase;
			buildActionMask = 2147483647;
			files = (
				99DC5611256E64A5004B9FCA /* LaunchScreen.storyboard in Resources */,
				99DC560E256E64A5004B9FCA /* Assets.xcassets in Resources */,
				999F563D25A2B54400F5A456 /* gracious-appicon-original.png in Resources */,
				999F560925A177F400F5A456 /* RobotoCondensed-Light.ttf in Resources */,
				99DC560C256E64A2004B9FCA /* Main.storyboard in Resources */,
			);
			runOnlyForDeploymentPostprocessing = 0;
		};
		99DC5615256E64A5004B9FCA /* Resources */ = {
			isa = PBXResourcesBuildPhase;
			buildActionMask = 2147483647;
			files = (
			);
			runOnlyForDeploymentPostprocessing = 0;
		};
		99DC5620256E64A6004B9FCA /* Resources */ = {
			isa = PBXResourcesBuildPhase;
			buildActionMask = 2147483647;
			files = (
			);
			runOnlyForDeploymentPostprocessing = 0;
		};
/* End PBXResourcesBuildPhase section */

/* Begin PBXSourcesBuildPhase section */
		99DC55FD256E64A2004B9FCA /* Sources */ = {
			isa = PBXSourcesBuildPhase;
			buildActionMask = 2147483647;
			files = (
				99DC5609256E64A2004B9FCA /* ViewController.swift in Sources */,
				99DC5605256E64A2004B9FCA /* AppDelegate.swift in Sources */,
				99DC5607256E64A2004B9FCA /* SceneDelegate.swift in Sources */,
				990FB37C259043D10039BFAB /* SettingsViewController.swift in Sources */,
			);
			runOnlyForDeploymentPostprocessing = 0;
		};
		99DC5613256E64A5004B9FCA /* Sources */ = {
			isa = PBXSourcesBuildPhase;
			buildActionMask = 2147483647;
			files = (
				99DC561C256E64A6004B9FCA /* TipCalculatorTests.swift in Sources */,
			);
			runOnlyForDeploymentPostprocessing = 0;
		};
		99DC561E256E64A6004B9FCA /* Sources */ = {
			isa = PBXSourcesBuildPhase;
			buildActionMask = 2147483647;
			files = (
				99DC5627256E64A6004B9FCA /* TipCalculatorUITests.swift in Sources */,
			);
			runOnlyForDeploymentPostprocessing = 0;
		};
/* End PBXSourcesBuildPhase section */

/* Begin PBXTargetDependency section */
		99DC5619256E64A5004B9FCA /* PBXTargetDependency */ = {
			isa = PBXTargetDependency;
			target = 99DC5600256E64A2004B9FCA /* TipCalculator */;
			targetProxy = 99DC5618256E64A5004B9FCA /* PBXContainerItemProxy */;
		};
		99DC5624256E64A6004B9FCA /* PBXTargetDependency */ = {
			isa = PBXTargetDependency;
			target = 99DC5600256E64A2004B9FCA /* TipCalculator */;
			targetProxy = 99DC5623256E64A6004B9FCA /* PBXContainerItemProxy */;
		};
/* End PBXTargetDependency section */

/* Begin PBXVariantGroup section */
		99DC560A256E64A2004B9FCA /* Main.storyboard */ = {
			isa = PBXVariantGroup;
			children = (
				99DC560B256E64A2004B9FCA /* Base */,
			);
			name = Main.storyboard;
			sourceTree = "<group>";
		};
		99DC560F256E64A5004B9FCA /* LaunchScreen.storyboard */ = {
			isa = PBXVariantGroup;
			children = (
				99DC5610256E64A5004B9FCA /* Base */,
			);
			name = LaunchScreen.storyboard;
			sourceTree = "<group>";
		};
/* End PBXVariantGroup section */

/* Begin XCBuildConfiguration section */
		99DC5629256E64A6004B9FCA /* Debug */ = {
			isa = XCBuildConfiguration;
			buildSettings = {
				ALWAYS_SEARCH_USER_PATHS = NO;
				CLANG_ANALYZER_NONNULL = YES;
				CLANG_ANALYZER_NUMBER_OBJECT_CONVERSION = YES_AGGRESSIVE;
				CLANG_CXX_LANGUAGE_STANDARD = "gnu++14";
				CLANG_CXX_LIBRARY = "libc++";
				CLANG_ENABLE_MODULES = YES;
				CLANG_ENABLE_OBJC_ARC = YES;
				CLANG_ENABLE_OBJC_WEAK = YES;
				CLANG_WARN_BLOCK_CAPTURE_AUTORELEASING = YES;
				CLANG_WARN_BOOL_CONVERSION = YES;
				CLANG_WARN_COMMA = YES;
				CLANG_WARN_CONSTANT_CONVERSION = YES;
				CLANG_WARN_DEPRECATED_OBJC_IMPLEMENTATIONS = YES;
				CLANG_WARN_DIRECT_OBJC_ISA_USAGE = YES_ERROR;
				CLANG_WARN_DOCUMENTATION_COMMENTS = YES;
				CLANG_WARN_EMPTY_BODY = YES;
				CLANG_WARN_ENUM_CONVERSION = YES;
				CLANG_WARN_INFINITE_RECURSION = YES;
				CLANG_WARN_INT_CONVERSION = YES;
				CLANG_WARN_NON_LITERAL_NULL_CONVERSION = YES;
				CLANG_WARN_OBJC_IMPLICIT_RETAIN_SELF = YES;
				CLANG_WARN_OBJC_LITERAL_CONVERSION = YES;
				CLANG_WARN_OBJC_ROOT_CLASS = YES_ERROR;
				CLANG_WARN_QUOTED_INCLUDE_IN_FRAMEWORK_HEADER = YES;
				CLANG_WARN_RANGE_LOOP_ANALYSIS = YES;
				CLANG_WARN_STRICT_PROTOTYPES = YES;
				CLANG_WARN_SUSPICIOUS_MOVE = YES;
				CLANG_WARN_UNGUARDED_AVAILABILITY = YES_AGGRESSIVE;
				CLANG_WARN_UNREACHABLE_CODE = YES;
				CLANG_WARN__DUPLICATE_METHOD_MATCH = YES;
				COPY_PHASE_STRIP = NO;
				DEBUG_INFORMATION_FORMAT = dwarf;
				ENABLE_STRICT_OBJC_MSGSEND = YES;
				ENABLE_TESTABILITY = YES;
				GCC_C_LANGUAGE_STANDARD = gnu11;
				GCC_DYNAMIC_NO_PIC = NO;
				GCC_NO_COMMON_BLOCKS = YES;
				GCC_OPTIMIZATION_LEVEL = 0;
				GCC_PREPROCESSOR_DEFINITIONS = (
					"DEBUG=1",
					"$(inherited)",
				);
				GCC_WARN_64_TO_32_BIT_CONVERSION = YES;
				GCC_WARN_ABOUT_RETURN_TYPE = YES_ERROR;
				GCC_WARN_UNDECLARED_SELECTOR = YES;
				GCC_WARN_UNINITIALIZED_AUTOS = YES_AGGRESSIVE;
				GCC_WARN_UNUSED_FUNCTION = YES;
				GCC_WARN_UNUSED_VARIABLE = YES;
				IPHONEOS_DEPLOYMENT_TARGET = 14.2;
				MTL_ENABLE_DEBUG_INFO = INCLUDE_SOURCE;
				MTL_FAST_MATH = YES;
				ONLY_ACTIVE_ARCH = YES;
				SDKROOT = iphoneos;
				SWIFT_ACTIVE_COMPILATION_CONDITIONS = DEBUG;
				SWIFT_OPTIMIZATION_LEVEL = "-Onone";
			};
			name = Debug;
		};
		99DC562A256E64A6004B9FCA /* Release */ = {
			isa = XCBuildConfiguration;
			buildSettings = {
				ALWAYS_SEARCH_USER_PATHS = NO;
				CLANG_ANALYZER_NONNULL = YES;
				CLANG_ANALYZER_NUMBER_OBJECT_CONVERSION = YES_AGGRESSIVE;
				CLANG_CXX_LANGUAGE_STANDARD = "gnu++14";
				CLANG_CXX_LIBRARY = "libc++";
				CLANG_ENABLE_MODULES = YES;
				CLANG_ENABLE_OBJC_ARC = YES;
				CLANG_ENABLE_OBJC_WEAK = YES;
				CLANG_WARN_BLOCK_CAPTURE_AUTORELEASING = YES;
				CLANG_WARN_BOOL_CONVERSION = YES;
				CLANG_WARN_COMMA = YES;
				CLANG_WARN_CONSTANT_CONVERSION = YES;
				CLANG_WARN_DEPRECATED_OBJC_IMPLEMENTATIONS = YES;
				CLANG_WARN_DIRECT_OBJC_ISA_USAGE = YES_ERROR;
				CLANG_WARN_DOCUMENTATION_COMMENTS = YES;
				CLANG_WARN_EMPTY_BODY = YES;
				CLANG_WARN_ENUM_CONVERSION = YES;
				CLANG_WARN_INFINITE_RECURSION = YES;
				CLANG_WARN_INT_CONVERSION = YES;
				CLANG_WARN_NON_LITERAL_NULL_CONVERSION = YES;
				CLANG_WARN_OBJC_IMPLICIT_RETAIN_SELF = YES;
				CLANG_WARN_OBJC_LITERAL_CONVERSION = YES;
				CLANG_WARN_OBJC_ROOT_CLASS = YES_ERROR;
				CLANG_WARN_QUOTED_INCLUDE_IN_FRAMEWORK_HEADER = YES;
				CLANG_WARN_RANGE_LOOP_ANALYSIS = YES;
				CLANG_WARN_STRICT_PROTOTYPES = YES;
				CLANG_WARN_SUSPICIOUS_MOVE = YES;
				CLANG_WARN_UNGUARDED_AVAILABILITY = YES_AGGRESSIVE;
				CLANG_WARN_UNREACHABLE_CODE = YES;
				CLANG_WARN__DUPLICATE_METHOD_MATCH = YES;
				COPY_PHASE_STRIP = NO;
				DEBUG_INFORMATION_FORMAT = "dwarf-with-dsym";
				ENABLE_NS_ASSERTIONS = NO;
				ENABLE_STRICT_OBJC_MSGSEND = YES;
				GCC_C_LANGUAGE_STANDARD = gnu11;
				GCC_NO_COMMON_BLOCKS = YES;
				GCC_WARN_64_TO_32_BIT_CONVERSION = YES;
				GCC_WARN_ABOUT_RETURN_TYPE = YES_ERROR;
				GCC_WARN_UNDECLARED_SELECTOR = YES;
				GCC_WARN_UNINITIALIZED_AUTOS = YES_AGGRESSIVE;
				GCC_WARN_UNUSED_FUNCTION = YES;
				GCC_WARN_UNUSED_VARIABLE = YES;
				IPHONEOS_DEPLOYMENT_TARGET = 14.2;
				MTL_ENABLE_DEBUG_INFO = NO;
				MTL_FAST_MATH = YES;
				SDKROOT = iphoneos;
				SWIFT_COMPILATION_MODE = wholemodule;
				SWIFT_OPTIMIZATION_LEVEL = "-O";
				VALIDATE_PRODUCT = YES;
			};
			name = Release;
		};
		99DC562C256E64A6004B9FCA /* Debug */ = {
			isa = XCBuildConfiguration;
			buildSettings = {
				ASSETCATALOG_COMPILER_APPICON_NAME = AppIcon;
				ASSETCATALOG_COMPILER_GLOBAL_ACCENT_COLOR_NAME = AccentColor;
				CODE_SIGN_STYLE = Automatic;
				DEVELOPMENT_TEAM = XHF28X4N49;
				INFOPLIST_FILE = TipCalculator/Info.plist;
				IPHONEOS_DEPLOYMENT_TARGET = 13.5;
				LD_RUNPATH_SEARCH_PATHS = (
					"$(inherited)",
					"@executable_path/Frameworks",
				);
				PRODUCT_BUNDLE_IDENTIFIER = Codepath.TipCalculatorMDRN;
				PRODUCT_NAME = "$(TARGET_NAME)";
				SWIFT_VERSION = 5.0;
				TARGETED_DEVICE_FAMILY = 1;
			};
			name = Debug;
		};
		99DC562D256E64A6004B9FCA /* Release */ = {
			isa = XCBuildConfiguration;
			buildSettings = {
				ASSETCATALOG_COMPILER_APPICON_NAME = AppIcon;
				ASSETCATALOG_COMPILER_GLOBAL_ACCENT_COLOR_NAME = AccentColor;
				CODE_SIGN_STYLE = Automatic;
				DEVELOPMENT_TEAM = XHF28X4N49;
				INFOPLIST_FILE = TipCalculator/Info.plist;
				IPHONEOS_DEPLOYMENT_TARGET = 13.5;
				LD_RUNPATH_SEARCH_PATHS = (
					"$(inherited)",
					"@executable_path/Frameworks",
				);
				PRODUCT_BUNDLE_IDENTIFIER = Codepath.TipCalculatorMDRN;
				PRODUCT_NAME = "$(TARGET_NAME)";
				SWIFT_VERSION = 5.0;
				TARGETED_DEVICE_FAMILY = 1;
			};
			name = Release;
		};
		99DC562F256E64A6004B9FCA /* Debug */ = {
			isa = XCBuildConfiguration;
			buildSettings = {
				ALWAYS_EMBED_SWIFT_STANDARD_LIBRARIES = YES;
				BUNDLE_LOADER = "$(TEST_HOST)";
				CODE_SIGN_STYLE = Automatic;
				INFOPLIST_FILE = TipCalculatorTests/Info.plist;
				IPHONEOS_DEPLOYMENT_TARGET = 14.2;
				LD_RUNPATH_SEARCH_PATHS = (
					"$(inherited)",
					"@executable_path/Frameworks",
					"@loader_path/Frameworks",
				);
				PRODUCT_BUNDLE_IDENTIFIER = Codepath.TipCalculatorTests;
				PRODUCT_NAME = "$(TARGET_NAME)";
				SWIFT_VERSION = 5.0;
				TARGETED_DEVICE_FAMILY = "1,2";
				TEST_HOST = "$(BUILT_PRODUCTS_DIR)/TipCalculator.app/TipCalculator";
			};
			name = Debug;
		};
		99DC5630256E64A6004B9FCA /* Release */ = {
			isa = XCBuildConfiguration;
			buildSettings = {
				ALWAYS_EMBED_SWIFT_STANDARD_LIBRARIES = YES;
				BUNDLE_LOADER = "$(TEST_HOST)";
				CODE_SIGN_STYLE = Automatic;
				INFOPLIST_FILE = TipCalculatorTests/Info.plist;
				IPHONEOS_DEPLOYMENT_TARGET = 14.2;
				LD_RUNPATH_SEARCH_PATHS = (
					"$(inherited)",
					"@executable_path/Frameworks",
					"@loader_path/Frameworks",
				);
				PRODUCT_BUNDLE_IDENTIFIER = Codepath.TipCalculatorTests;
				PRODUCT_NAME = "$(TARGET_NAME)";
				SWIFT_VERSION = 5.0;
				TARGETED_DEVICE_FAMILY = "1,2";
				TEST_HOST = "$(BUILT_PRODUCTS_DIR)/TipCalculator.app/TipCalculator";
			};
			name = Release;
		};
		99DC5632256E64A6004B9FCA /* Debug */ = {
			isa = XCBuildConfiguration;
			buildSettings = {
				ALWAYS_EMBED_SWIFT_STANDARD_LIBRARIES = YES;
				CODE_SIGN_STYLE = Automatic;
				INFOPLIST_FILE = TipCalculatorUITests/Info.plist;
				LD_RUNPATH_SEARCH_PATHS = (
					"$(inherited)",
					"@executable_path/Frameworks",
					"@loader_path/Frameworks",
				);
				PRODUCT_BUNDLE_IDENTIFIER = Codepath.TipCalculatorUITests;
				PRODUCT_NAME = "$(TARGET_NAME)";
				SWIFT_VERSION = 5.0;
				TARGETED_DEVICE_FAMILY = "1,2";
				TEST_TARGET_NAME = TipCalculator;
			};
			name = Debug;
		};
		99DC5633256E64A6004B9FCA /* Release */ = {
			isa = XCBuildConfiguration;
			buildSettings = {
				ALWAYS_EMBED_SWIFT_STANDARD_LIBRARIES = YES;
				CODE_SIGN_STYLE = Automatic;
				INFOPLIST_FILE = TipCalculatorUITests/Info.plist;
				LD_RUNPATH_SEARCH_PATHS = (
					"$(inherited)",
					"@executable_path/Frameworks",
					"@loader_path/Frameworks",
				);
				PRODUCT_BUNDLE_IDENTIFIER = Codepath.TipCalculatorUITests;
				PRODUCT_NAME = "$(TARGET_NAME)";
				SWIFT_VERSION = 5.0;
				TARGETED_DEVICE_FAMILY = "1,2";
				TEST_TARGET_NAME = TipCalculator;
			};
			name = Release;
		};
/* End XCBuildConfiguration section */

/* Begin XCConfigurationList section */
		99DC55FC256E64A2004B9FCA /* Build configuration list for PBXProject "TipCalculator" */ = {
			isa = XCConfigurationList;
			buildConfigurations = (
				99DC5629256E64A6004B9FCA /* Debug */,
				99DC562A256E64A6004B9FCA /* Release */,
			);
			defaultConfigurationIsVisible = 0;
			defaultConfigurationName = Release;
		};
		99DC562B256E64A6004B9FCA /* Build configuration list for PBXNativeTarget "TipCalculator" */ = {
			isa = XCConfigurationList;
			buildConfigurations = (
				99DC562C256E64A6004B9FCA /* Debug */,
				99DC562D256E64A6004B9FCA /* Release */,
			);
			defaultConfigurationIsVisible = 0;
			defaultConfigurationName = Release;
		};
		99DC562E256E64A6004B9FCA /* Build configuration list for PBXNativeTarget "TipCalculatorTests" */ = {
			isa = XCConfigurationList;
			buildConfigurations = (
				99DC562F256E64A6004B9FCA /* Debug */,
				99DC5630256E64A6004B9FCA /* Release */,
			);
			defaultConfigurationIsVisible = 0;
			defaultConfigurationName = Release;
		};
		99DC5631256E64A6004B9FCA /* Build configuration list for PBXNativeTarget "TipCalculatorUITests" */ = {
			isa = XCConfigurationList;
			buildConfigurations = (
				99DC5632256E64A6004B9FCA /* Debug */,
				99DC5633256E64A6004B9FCA /* Release */,
			);
			defaultConfigurationIsVisible = 0;
			defaultConfigurationName = Release;
		};
/* End XCConfigurationList section */
	};
	rootObject = 99DC55F9256E64A2004B9FCA /* Project object */;
}
